
Microsoft Visual Studio Solution File, Format Version 12.00
# Visual Studio Version 16
VisualStudioVersion = 16.0.31911.196
MinimumVisualStudioVersion = 10.0.40219.1
Project("{9A19103F-16F7-4668-BE54-9A1E7A4F7556}") = "ZM_CS234N_Term_Project", "ZM_CS234N_Term_Project\ZM_CS234N_Term_Project.csproj", "{017BE052-1263-457C-9738-BB7F31959F85}"
EndProject
Project("{9A19103F-16F7-4668-BE54-9A1E7A4F7556}") = "EFClassTests", "EFClassTests\EFClassTests.csproj", "{11D4E546-F46B-4F6B-A37E-8FBDD635947D}"
EndProject
Project("{9A19103F-16F7-4668-BE54-9A1E7A4F7556}") = "RESTfulServicesAPI", "RESTfulServicesAPI\RESTfulServicesAPI.csproj", "{40D1CC87-7191-4633-8451-E3E7BEB34E79}"
EndProject
Global
	GlobalSection(SolutionConfigurationPlatforms) = preSolution
		Debug|Any CPU = Debug|Any CPU
		Release|Any CPU = Release|Any CPU
	EndGlobalSection
	GlobalSection(ProjectConfigurationPlatforms) = postSolution
		{017BE052-1263-457C-9738-BB7F31959F85}.Debug|Any CPU.ActiveCfg = Debug|Any CPU
		{017BE052-1263-457C-9738-BB7F31959F85}.Debug|Any CPU.Build.0 = Debug|Any CPU
		{017BE052-1263-457C-9738-BB7F31959F85}.Release|Any CPU.ActiveCfg = Release|Any CPU
		{017BE052-1263-457C-9738-BB7F31959F85}.Release|Any CPU.Build.0 = Release|Any CPU
		{11D4E546-F46B-4F6B-A37E-8FBDD635947D}.Debug|Any CPU.ActiveCfg = Debug|Any CPU
		{11D4E546-F46B-4F6B-A37E-8FBDD635947D}.Debug|Any CPU.Build.0 = Debug|Any CPU
		{11D4E546-F46B-4F6B-A37E-8FBDD635947D}.Release|Any CPU.ActiveCfg = Release|Any CPU
		{11D4E546-F46B-4F6B-A37E-8FBDD635947D}.Release|Any CPU.Build.0 = Release|Any CPU
		{40D1CC87-7191-4633-8451-E3E7BEB34E79}.Debug|Any CPU.ActiveCfg = Debug|Any CPU
		{40D1CC87-7191-4633-8451-E3E7BEB34E79}.Debug|Any CPU.Build.0 = Debug|Any CPU
		{40D1CC87-7191-4633-8451-E3E7BEB34E79}.Release|Any CPU.ActiveCfg = Release|Any CPU
		{40D1CC87-7191-4633-8451-E3E7BEB34E79}.Release|Any CPU.Build.0 = Release|Any CPU
	EndGlobalSection
	GlobalSection(SolutionProperties) = preSolution
		HideSolutionNode = FALSE
	EndGlobalSection
	GlobalSection(ExtensibilityGlobals) = postSolution
		SolutionGuid = {22EDCBC5-8853-4846-94AE-324870541218}
	EndGlobalSection
EndGlobal
